// !$*UTF8*$!
{
	archiveVersion = 1;
	classes = {
	};
	objectVersion = 77;
	objects = {

/* Begin PBXBuildFile section */
		80DC73D02E2062B900D9FB55 /* GitHubUsersApp.xctestplan in Resources */ = {isa = PBXBuildFile; fileRef = 80DC73CF2E2062B900D9FB55 /* GitHubUsersApp.xctestplan */; };
/* End PBXBuildFile section */

/* Begin PBXContainerItemProxy section */
		805168BD2E1990CD0039C058 /* PBXContainerItemProxy */ = {
			isa = PBXContainerItemProxy;
			containerPortal = 805168A22E1990CA0039C058 /* Project object */;
			proxyType = 1;
			remoteGlobalIDString = 805168A92E1990CA0039C058;
			remoteInfo = GitHubUsersApp;
		};
		805168C72E1990CD0039C058 /* PBXContainerItemProxy */ = {
			isa = PBXContainerItemProxy;
			containerPortal = 805168A22E1990CA0039C058 /* Project object */;
			proxyType = 1;
			remoteGlobalIDString = 805168A92E1990CA0039C058;
			remoteInfo = GitHubUsersApp;
		};
/* End PBXContainerItemProxy section */

/* Begin PBXFileReference section */
		805168AA2E1990CA0039C058 /* GitHubUsersApp.app */ = {isa = PBXFileReference; explicitFileType = wrapper.application; includeInIndex = 0; path = GitHubUsersApp.app; sourceTree = BUILT_PRODUCTS_DIR; };
		805168BC2E1990CD0039C058 /* GitHubUsersAppTests.xctest */ = {isa = PBXFileReference; explicitFileType = wrapper.cfbundle; includeInIndex = 0; path = GitHubUsersAppTests.xctest; sourceTree = BUILT_PRODUCTS_DIR; };
		805168C62E1990CD0039C058 /* GitHubUsersAppUITests.xctest */ = {isa = PBXFileReference; explicitFileType = wrapper.cfbundle; includeInIndex = 0; path = GitHubUsersAppUITests.xctest; sourceTree = BUILT_PRODUCTS_DIR; };
		80DC73CF2E2062B900D9FB55 /* GitHubUsersApp.xctestplan */ = {isa = PBXFileReference; lastKnownFileType = text; path = GitHubUsersApp.xctestplan; sourceTree = "<group>"; };
/* End PBXFileReference section */

/* Begin PBXFileSystemSynchronizedRootGroup section */
		805168AC2E1990CA0039C058 /* GitHubUsersApp */ = {
			isa = PBXFileSystemSynchronizedRootGroup;
			path = GitHubUsersApp;
			sourceTree = "<group>";
		};
		805168BF2E1990CD0039C058 /* GitHubUsersAppTests */ = {
			isa = PBXFileSystemSynchronizedRootGroup;
			path = GitHubUsersAppTests;
			sourceTree = "<group>";
		};
		805168C92E1990CD0039C058 /* GitHubUsersAppUITests */ = {
			isa = PBXFileSystemSynchronizedRootGroup;
			path = GitHubUsersAppUITests;
			sourceTree = "<group>";
		};
/* End PBXFileSystemSynchronizedRootGroup section */

/* Begin PBXFrameworksBuildPhase section */
		805168A72E1990CA0039C058 /* Frameworks */ = {
			isa = PBXFrameworksBuildPhase;
			buildActionMask = 2147483647;
			files = (
			);
			runOnlyForDeploymentPostprocessing = 0;
		};
		805168B92E1990CD0039C058 /* Frameworks */ = {
			isa = PBXFrameworksBuildPhase;
			buildActionMask = 2147483647;
			files = (
			);
			runOnlyForDeploymentPostprocessing = 0;
		};
		805168C32E1990CD0039C058 /* Frameworks */ = {
			isa = PBXFrameworksBuildPhase;
			buildActionMask = 2147483647;
			files = (
			);
			runOnlyForDeploymentPostprocessing = 0;
		};
/* End PBXFrameworksBuildPhase section */

/* Begin PBXGroup section */
		805168A12E1990CA0039C058 = {
			isa = PBXGroup;
			children = (
				80DC73CF2E2062B900D9FB55 /* GitHubUsersApp.xctestplan */,
				805168AC2E1990CA0039C058 /* GitHubUsersApp */,
				805168BF2E1990CD0039C058 /* GitHubUsersAppTests */,
				805168C92E1990CD0039C058 /* GitHubUsersAppUITests */,
				805168AB2E1990CA0039C058 /* Products */,
			);
			sourceTree = "<group>";
		};
		805168AB2E1990CA0039C058 /* Products */ = {
			isa = PBXGroup;
			children = (
				805168AA2E1990CA0039C058 /* GitHubUsersApp.app */,
				805168BC2E1990CD0039C058 /* GitHubUsersAppTests.xctest */,
				805168C62E1990CD0039C058 /* GitHubUsersAppUITests.xctest */,
			);
			name = Products;
			sourceTree = "<group>";
		};
/* End PBXGroup section */

/* Begin PBXNativeTarget section */
		805168A92E1990CA0039C058 /* GitHubUsersApp */ = {
			isa = PBXNativeTarget;
			buildConfigurationList = 805168D02E1990CD0039C058 /* Build configuration list for PBXNativeTarget "GitHubUsersApp" */;
			buildPhases = (
				805168A62E1990CA0039C058 /* Sources */,
				805168A72E1990CA0039C058 /* Frameworks */,
				805168A82E1990CA0039C058 /* Resources */,
			);
			buildRules = (
			);
			dependencies = (
			);
			fileSystemSynchronizedGroups = (
				805168AC2E1990CA0039C058 /* GitHubUsersApp */,
			);
			name = GitHubUsersApp;
			packageProductDependencies = (
			);
			productName = GitHubUsersApp;
			productReference = 805168AA2E1990CA0039C058 /* GitHubUsersApp.app */;
			productType = "com.apple.product-type.application";
		};
		805168BB2E1990CD0039C058 /* GitHubUsersAppTests */ = {
			isa = PBXNativeTarget;
			buildConfigurationList = 805168D32E1990CD0039C058 /* Build configuration list for PBXNativeTarget "GitHubUsersAppTests" */;
			buildPhases = (
				805168B82E1990CD0039C058 /* Sources */,
				805168B92E1990CD0039C058 /* Frameworks */,
				805168BA2E1990CD0039C058 /* Resources */,
			);
			buildRules = (
			);
			dependencies = (
				805168BE2E1990CD0039C058 /* PBXTargetDependency */,
			);
			fileSystemSynchronizedGroups = (
				805168BF2E1990CD0039C058 /* GitHubUsersAppTests */,
			);
			name = GitHubUsersAppTests;
			packageProductDependencies = (
			);
			productName = GitHubUsersAppTests;
			productReference = 805168BC2E1990CD0039C058 /* GitHubUsersAppTests.xctest */;
			productType = "com.apple.product-type.bundle.unit-test";
		};
		805168C52E1990CD0039C058 /* GitHubUsersAppUITests */ = {
			isa = PBXNativeTarget;
			buildConfigurationList = 805168D62E1990CD0039C058 /* Build configuration list for PBXNativeTarget "GitHubUsersAppUITests" */;
			buildPhases = (
				805168C22E1990CD0039C058 /* Sources */,
				805168C32E1990CD0039C058 /* Frameworks */,
				805168C42E1990CD0039C058 /* Resources */,
			);
			buildRules = (
			);
			dependencies = (
				805168C82E1990CD0039C058 /* PBXTargetDependency */,
			);
			fileSystemSynchronizedGroups = (
				805168C92E1990CD0039C058 /* GitHubUsersAppUITests */,
			);
			name = GitHubUsersAppUITests;
			packageProductDependencies = (
			);
			productName = GitHubUsersAppUITests;
			productReference = 805168C62E1990CD0039C058 /* GitHubUsersAppUITests.xctest */;
			productType = "com.apple.product-type.bundle.ui-testing";
		};
/* End PBXNativeTarget section */

/* Begin PBXProject section */
		805168A22E1990CA0039C058 /* Project object */ = {
			isa = PBXProject;
			attributes = {
				BuildIndependentTargetsInParallel = 1;
				LastSwiftUpdateCheck = 1620;
				LastUpgradeCheck = 1620;
				TargetAttributes = {
					805168A92E1990CA0039C058 = {
						CreatedOnToolsVersion = 16.2;
					};
					805168BB2E1990CD0039C058 = {
						CreatedOnToolsVersion = 16.2;
						TestTargetID = 805168A92E1990CA0039C058;
					};
					805168C52E1990CD0039C058 = {
						CreatedOnToolsVersion = 16.2;
						TestTargetID = 805168A92E1990CA0039C058;
					};
				};
			};
			buildConfigurationList = 805168A52E1990CA0039C058 /* Build configuration list for PBXProject "GitHubUsersApp" */;
			developmentRegion = en;
			hasScannedForEncodings = 0;
			knownRegions = (
				en,
				Base,
			);
			mainGroup = 805168A12E1990CA0039C058;
			minimizedProjectReferenceProxies = 1;
			preferredProjectObjectVersion = 77;
			productRefGroup = 805168AB2E1990CA0039C058 /* Products */;
			projectDirPath = "";
			projectRoot = "";
			targets = (
				805168A92E1990CA0039C058 /* GitHubUsersApp */,
				805168BB2E1990CD0039C058 /* GitHubUsersAppTests */,
				805168C52E1990CD0039C058 /* GitHubUsersAppUITests */,
			);
		};
/* End PBXProject section */

/* Begin PBXResourcesBuildPhase section */
		805168A82E1990CA0039C058 /* Resources */ = {
			isa = PBXResourcesBuildPhase;
			buildActionMask = 2147483647;
			files = (
				80DC73D02E2062B900D9FB55 /* GitHubUsersApp.xctestplan in Resources */,
			);
			runOnlyForDeploymentPostprocessing = 0;
		};
		805168BA2E1990CD0039C058 /* Resources */ = {
			isa = PBXResourcesBuildPhase;
			buildActionMask = 2147483647;
			files = (
			);
			runOnlyForDeploymentPostprocessing = 0;
		};
		805168C42E1990CD0039C058 /* Resources */ = {
			isa = PBXResourcesBuildPhase;
			buildActionMask = 2147483647;
			files = (
			);
			runOnlyForDeploymentPostprocessing = 0;
		};
/* End PBXResourcesBuildPhase section */

/* Begin PBXSourcesBuildPhase section */
		805168A62E1990CA0039C058 /* Sources */ = {
			isa = PBXSourcesBuildPhase;
			buildActionMask = 2147483647;
			files = (
			);
			runOnlyForDeploymentPostprocessing = 0;
		};
		805168B82E1990CD0039C058 /* Sources */ = {
			isa = PBXSourcesBuildPhase;
			buildActionMask = 2147483647;
			files = (
			);
			runOnlyForDeploymentPostprocessing = 0;
		};
		805168C22E1990CD0039C058 /* Sources */ = {
			isa = PBXSourcesBuildPhase;
			buildActionMask = 2147483647;
			files = (
			);
			runOnlyForDeploymentPostprocessing = 0;
		};
/* End PBXSourcesBuildPhase section */

/* Begin PBXTargetDependency section */
		805168BE2E1990CD0039C058 /* PBXTargetDependency */ = {
			isa = PBXTargetDependency;
			target = 805168A92E1990CA0039C058 /* GitHubUsersApp */;
			targetProxy = 805168BD2E1990CD0039C058 /* PBXContainerItemProxy */;
		};
		805168C82E1990CD0039C058 /* PBXTargetDependency */ = {
			isa = PBXTargetDependency;
			target = 805168A92E1990CA0039C058 /* GitHubUsersApp */;
			targetProxy = 805168C72E1990CD0039C058 /* PBXContainerItemProxy */;
		};
/* End PBXTargetDependency section */

/* Begin XCBuildConfiguration section */
		805168CE2E1990CD0039C058 /* Debug */ = {
			isa = XCBuildConfiguration;
			buildSettings = {
				ALWAYS_SEARCH_USER_PATHS = NO;
				ASSETCATALOG_COMPILER_GENERATE_SWIFT_ASSET_SYMBOL_EXTENSIONS = YES;
				CLANG_ANALYZER_NONNULL = YES;
				CLANG_ANALYZER_NUMBER_OBJECT_CONVERSION = YES_AGGRESSIVE;
				CLANG_CXX_LANGUAGE_STANDARD = "gnu++20";
				CLANG_ENABLE_MODULES = YES;
				CLANG_ENABLE_OBJC_ARC = YES;
				CLANG_ENABLE_OBJC_WEAK = YES;
				CLANG_WARN_BLOCK_CAPTURE_AUTORELEASING = YES;
				CLANG_WARN_BOOL_CONVERSION = YES;
				CLANG_WARN_COMMA = YES;
				CLANG_WARN_CONSTANT_CONVERSION = YES;
				CLANG_WARN_DEPRECATED_OBJC_IMPLEMENTATIONS = YES;
				CLANG_WARN_DIRECT_OBJC_ISA_USAGE = YES_ERROR;
				CLANG_WARN_DOCUMENTATION_COMMENTS = YES;
				CLANG_WARN_EMPTY_BODY = YES;
				CLANG_WARN_ENUM_CONVERSION = YES;
				CLANG_WARN_INFINITE_RECURSION = YES;
				CLANG_WARN_INT_CONVERSION = YES;
				CLANG_WARN_NON_LITERAL_NULL_CONVERSION = YES;
				CLANG_WARN_OBJC_IMPLICIT_RETAIN_SELF = YES;
				CLANG_WARN_OBJC_LITERAL_CONVERSION = YES;
				CLANG_WARN_OBJC_ROOT_CLASS = YES_ERROR;
				CLANG_WARN_QUOTED_INCLUDE_IN_FRAMEWORK_HEADER = YES;
				CLANG_WARN_RANGE_LOOP_ANALYSIS = YES;
				CLANG_WARN_STRICT_PROTOTYPES = YES;
				CLANG_WARN_SUSPICIOUS_MOVE = YES;
				CLANG_WARN_UNGUARDED_AVAILABILITY = YES_AGGRESSIVE;
				CLANG_WARN_UNREACHABLE_CODE = YES;
				CLANG_WARN__DUPLICATE_METHOD_MATCH = YES;
				COPY_PHASE_STRIP = NO;
				DEBUG_INFORMATION_FORMAT = dwarf;
				ENABLE_STRICT_OBJC_MSGSEND = YES;
				ENABLE_TESTABILITY = YES;
				ENABLE_USER_SCRIPT_SANDBOXING = YES;
				GCC_C_LANGUAGE_STANDARD = gnu17;
				GCC_DYNAMIC_NO_PIC = NO;
				GCC_NO_COMMON_BLOCKS = YES;
				GCC_OPTIMIZATION_LEVEL = 0;
				GCC_PREPROCESSOR_DEFINITIONS = (
					"DEBUG=1",
					"$(inherited)",
				);
				GCC_WARN_64_TO_32_BIT_CONVERSION = YES;
				GCC_WARN_ABOUT_RETURN_TYPE = YES_ERROR;
				GCC_WARN_UNDECLARED_SELECTOR = YES;
				GCC_WARN_UNINITIALIZED_AUTOS = YES_AGGRESSIVE;
				GCC_WARN_UNUSED_FUNCTION = YES;
				GCC_WARN_UNUSED_VARIABLE = YES;
				IPHONEOS_DEPLOYMENT_TARGET = 18.2;
				LOCALIZATION_PREFERS_STRING_CATALOGS = YES;
				MTL_ENABLE_DEBUG_INFO = INCLUDE_SOURCE;
				MTL_FAST_MATH = YES;
				ONLY_ACTIVE_ARCH = YES;
				SDKROOT = iphoneos;
				SWIFT_ACTIVE_COMPILATION_CONDITIONS = "DEBUG $(inherited)";
				SWIFT_OPTIMIZATION_LEVEL = "-Onone";
			};
			name = Debug;
		};
		805168CF2E1990CD0039C058 /* Release */ = {
			isa = XCBuildConfiguration;
			buildSettings = {
				ALWAYS_SEARCH_USER_PATHS = NO;
				ASSETCATALOG_COMPILER_GENERATE_SWIFT_ASSET_SYMBOL_EXTENSIONS = YES;
				CLANG_ANALYZER_NONNULL = YES;
				CLANG_ANALYZER_NUMBER_OBJECT_CONVERSION = YES_AGGRESSIVE;
				CLANG_CXX_LANGUAGE_STANDARD = "gnu++20";
				CLANG_ENABLE_MODULES = YES;
				CLANG_ENABLE_OBJC_ARC = YES;
				CLANG_ENABLE_OBJC_WEAK = YES;
				CLANG_WARN_BLOCK_CAPTURE_AUTORELEASING = YES;
				CLANG_WARN_BOOL_CONVERSION = YES;
				CLANG_WARN_COMMA = YES;
				CLANG_WARN_CONSTANT_CONVERSION = YES;
				CLANG_WARN_DEPRECATED_OBJC_IMPLEMENTATIONS = YES;
				CLANG_WARN_DIRECT_OBJC_ISA_USAGE = YES_ERROR;
				CLANG_WARN_DOCUMENTATION_COMMENTS = YES;
				CLANG_WARN_EMPTY_BODY = YES;
				CLANG_WARN_ENUM_CONVERSION = YES;
				CLANG_WARN_INFINITE_RECURSION = YES;
				CLANG_WARN_INT_CONVERSION = YES;
				CLANG_WARN_NON_LITERAL_NULL_CONVERSION = YES;
				CLANG_WARN_OBJC_IMPLICIT_RETAIN_SELF = YES;
				CLANG_WARN_OBJC_LITERAL_CONVERSION = YES;
				CLANG_WARN_OBJC_ROOT_CLASS = YES_ERROR;
				CLANG_WARN_QUOTED_INCLUDE_IN_FRAMEWORK_HEADER = YES;
				CLANG_WARN_RANGE_LOOP_ANALYSIS = YES;
				CLANG_WARN_STRICT_PROTOTYPES = YES;
				CLANG_WARN_SUSPICIOUS_MOVE = YES;
				CLANG_WARN_UNGUARDED_AVAILABILITY = YES_AGGRESSIVE;
				CLANG_WARN_UNREACHABLE_CODE = YES;
				CLANG_WARN__DUPLICATE_METHOD_MATCH = YES;
				COPY_PHASE_STRIP = NO;
				DEBUG_INFORMATION_FORMAT = "dwarf-with-dsym";
				ENABLE_NS_ASSERTIONS = NO;
				ENABLE_STRICT_OBJC_MSGSEND = YES;
				ENABLE_USER_SCRIPT_SANDBOXING = YES;
				GCC_C_LANGUAGE_STANDARD = gnu17;
				GCC_NO_COMMON_BLOCKS = YES;
				GCC_WARN_64_TO_32_BIT_CONVERSION = YES;
				GCC_WARN_ABOUT_RETURN_TYPE = YES_ERROR;
				GCC_WARN_UNDECLARED_SELECTOR = YES;
				GCC_WARN_UNINITIALIZED_AUTOS = YES_AGGRESSIVE;
				GCC_WARN_UNUSED_FUNCTION = YES;
				GCC_WARN_UNUSED_VARIABLE = YES;
				IPHONEOS_DEPLOYMENT_TARGET = 18.2;
				LOCALIZATION_PREFERS_STRING_CATALOGS = YES;
				MTL_ENABLE_DEBUG_INFO = NO;
				MTL_FAST_MATH = YES;
				SDKROOT = iphoneos;
				SWIFT_COMPILATION_MODE = wholemodule;
				VALIDATE_PRODUCT = YES;
			};
			name = Release;
		};
		805168D12E1990CD0039C058 /* Debug */ = {
			isa = XCBuildConfiguration;
			buildSettings = {
				ASSETCATALOG_COMPILER_APPICON_NAME = AppIcon;
				ASSETCATALOG_COMPILER_GLOBAL_ACCENT_COLOR_NAME = AccentColor;
				CODE_SIGN_STYLE = Automatic;
				CURRENT_PROJECT_VERSION = 1;
				DEVELOPMENT_ASSET_PATHS = "\"GitHubUsersApp/Preview Content\"";
				DEVELOPMENT_TEAM = U52624PYDN;
				ENABLE_PREVIEWS = YES;
				GENERATE_INFOPLIST_FILE = YES;
				INFOPLIST_KEY_UIApplicationSceneManifest_Generation = YES;
				INFOPLIST_KEY_UIApplicationSupportsIndirectInputEvents = YES;
				INFOPLIST_KEY_UILaunchScreen_Generation = YES;
				INFOPLIST_KEY_UILaunchStoryboardName = "Launch Screen";
				INFOPLIST_KEY_UISupportedInterfaceOrientations = UIInterfaceOrientationPortrait;
				INFOPLIST_KEY_UISupportedInterfaceOrientations_iPad = "UIInterfaceOrientationLandscapeLeft UIInterfaceOrientationLandscapeRight UIInterfaceOrientationPortrait UIInterfaceOrientationPortraitUpsideDown";
				LD_RUNPATH_SEARCH_PATHS = (
					"$(inherited)",
					"@executable_path/Frameworks",
				);
				MARKETING_VERSION = 1.0;
				PRODUCT_BUNDLE_IDENTIFIER = com.moneyForward.GitHubUsersApp;
				PRODUCT_NAME = "$(TARGET_NAME)";
				SUPPORTED_PLATFORMS = "iphoneos iphonesimulator";
				SUPPORTS_MACCATALYST = NO;
				SUPPORTS_MAC_DESIGNED_FOR_IPHONE_IPAD = NO;
				SUPPORTS_XR_DESIGNED_FOR_IPHONE_IPAD = NO;
				SWIFT_EMIT_LOC_STRINGS = YES;
				SWIFT_VERSION = 5.0;
				TARGETED_DEVICE_FAMILY = 1;
			};
			name = Debug;
		};
		805168D22E1990CD0039C058 /* Release */ = {
			isa = XCBuildConfiguration;
			buildSettings = {
				ASSETCATALOG_COMPILER_APPICON_NAME = AppIcon;
				ASSETCATALOG_COMPILER_GLOBAL_ACCENT_COLOR_NAME = AccentColor;
				CODE_SIGN_STYLE = Automatic;
				CURRENT_PROJECT_VERSION = 1;
				DEVELOPMENT_ASSET_PATHS = "\"GitHubUsersApp/Preview Content\"";
				DEVELOPMENT_TEAM = U52624PYDN;
				ENABLE_PREVIEWS = YES;
				GENERATE_INFOPLIST_FILE = YES;
				INFOPLIST_KEY_UIApplicationSceneManifest_Generation = YES;
				INFOPLIST_KEY_UIApplicationSupportsIndirectInputEvents = YES;
				INFOPLIST_KEY_UILaunchScreen_Generation = YES;
				INFOPLIST_KEY_UILaunchStoryboardName = "Launch Screen";
				INFOPLIST_KEY_UISupportedInterfaceOrientations = UIInterfaceOrientationPortrait;
				INFOPLIST_KEY_UISupportedInterfaceOrientations_iPad = "UIInterfaceOrientationLandscapeLeft UIInterfaceOrientationLandscapeRight UIInterfaceOrientationPortrait UIInterfaceOrientationPortraitUpsideDown";
				LD_RUNPATH_SEARCH_PATHS = (
					"$(inherited)",
					"@executable_path/Frameworks",
				);
				MARKETING_VERSION = 1.0;
				PRODUCT_BUNDLE_IDENTIFIER = com.moneyForward.GitHubUsersApp;
				PRODUCT_NAME = "$(TARGET_NAME)";
				SUPPORTED_PLATFORMS = "iphoneos iphonesimulator";
				SUPPORTS_MACCATALYST = NO;
				SUPPORTS_MAC_DESIGNED_FOR_IPHONE_IPAD = NO;
				SUPPORTS_XR_DESIGNED_FOR_IPHONE_IPAD = NO;
				SWIFT_EMIT_LOC_STRINGS = YES;
				SWIFT_VERSION = 5.0;
				TARGETED_DEVICE_FAMILY = 1;
			};
			name = Release;
		};
		805168D42E1990CD0039C058 /* Debug */ = {
			isa = XCBuildConfiguration;
			buildSettings = {
				BUNDLE_LOADER = "$(TEST_HOST)";
				CODE_SIGN_STYLE = Automatic;
				CURRENT_PROJECT_VERSION = 1;
				DEVELOPMENT_TEAM = U52624PYDN;
				GENERATE_INFOPLIST_FILE = YES;
				IPHONEOS_DEPLOYMENT_TARGET = 18.2;
				MARKETING_VERSION = 1.0;
				PRODUCT_BUNDLE_IDENTIFIER = com.moneyForward.GitHubUsersAppTests;
				PRODUCT_NAME = "$(TARGET_NAME)";
				SWIFT_EMIT_LOC_STRINGS = NO;
				SWIFT_VERSION = 5.0;
				TARGETED_DEVICE_FAMILY = "1,2";
				TEST_HOST = "$(BUILT_PRODUCTS_DIR)/GitHubUsersApp.app/$(BUNDLE_EXECUTABLE_FOLDER_PATH)/GitHubUsersApp";
			};
			name = Debug;
		};
		805168D52E1990CD0039C058 /* Release */ = {
			isa = XCBuildConfiguration;
			buildSettings = {
				BUNDLE_LOADER = "$(TEST_HOST)";
				CODE_SIGN_STYLE = Automatic;
				CURRENT_PROJECT_VERSION = 1;
				DEVELOPMENT_TEAM = U52624PYDN;
				GENERATE_INFOPLIST_FILE = YES;
				IPHONEOS_DEPLOYMENT_TARGET = 18.2;
				MARKETING_VERSION = 1.0;
				PRODUCT_BUNDLE_IDENTIFIER = com.moneyForward.GitHubUsersAppTests;
				PRODUCT_NAME = "$(TARGET_NAME)";
				SWIFT_EMIT_LOC_STRINGS = NO;
				SWIFT_VERSION = 5.0;
				TARGETED_DEVICE_FAMILY = "1,2";
				TEST_HOST = "$(BUILT_PRODUCTS_DIR)/GitHubUsersApp.app/$(BUNDLE_EXECUTABLE_FOLDER_PATH)/GitHubUsersApp";
			};
			name = Release;
		};
		805168D72E1990CD0039C058 /* Debug */ = {
			isa = XCBuildConfiguration;
			buildSettings = {
				CODE_SIGN_STYLE = Automatic;
				CURRENT_PROJECT_VERSION = 1;
				DEVELOPMENT_TEAM = U52624PYDN;
				GENERATE_INFOPLIST_FILE = YES;
				MARKETING_VERSION = 1.0;
				PRODUCT_BUNDLE_IDENTIFIER = com.moneyForward.GitHubUsersAppUITests;
				PRODUCT_NAME = "$(TARGET_NAME)";
				SWIFT_EMIT_LOC_STRINGS = NO;
				SWIFT_VERSION = 5.0;
				TARGETED_DEVICE_FAMILY = "1,2";
				TEST_TARGET_NAME = GitHubUsersApp;
			};
			name = Debug;
		};
		805168D82E1990CD0039C058 /* Release */ = {
			isa = XCBuildConfiguration;
			buildSettings = {
				CODE_SIGN_STYLE = Automatic;
				CURRENT_PROJECT_VERSION = 1;
				DEVELOPMENT_TEAM = U52624PYDN;
				GENERATE_INFOPLIST_FILE = YES;
				MARKETING_VERSION = 1.0;
				PRODUCT_BUNDLE_IDENTIFIER = com.moneyForward.GitHubUsersAppUITests;
				PRODUCT_NAME = "$(TARGET_NAME)";
				SWIFT_EMIT_LOC_STRINGS = NO;
				SWIFT_VERSION = 5.0;
				TARGETED_DEVICE_FAMILY = "1,2";
				TEST_TARGET_NAME = GitHubUsersApp;
			};
			name = Release;
		};
/* End XCBuildConfiguration section */

/* Begin XCConfigurationList section */
		805168A52E1990CA0039C058 /* Build configuration list for PBXProject "GitHubUsersApp" */ = {
			isa = XCConfigurationList;
			buildConfigurations = (
				805168CE2E1990CD0039C058 /* Debug */,
				805168CF2E1990CD0039C058 /* Release */,
			);
			defaultConfigurationIsVisible = 0;
			defaultConfigurationName = Release;
		};
		805168D02E1990CD0039C058 /* Build configuration list for PBXNativeTarget "GitHubUsersApp" */ = {
			isa = XCConfigurationList;
			buildConfigurations = (
				805168D12E1990CD0039C058 /* Debug */,
				805168D22E1990CD0039C058 /* Release */,
			);
			defaultConfigurationIsVisible = 0;
			defaultConfigurationName = Release;
		};
		805168D32E1990CD0039C058 /* Build configuration list for PBXNativeTarget "GitHubUsersAppTests" */ = {
			isa = XCConfigurationList;
			buildConfigurations = (
				805168D42E1990CD0039C058 /* Debug */,
				805168D52E1990CD0039C058 /* Release */,
			);
			defaultConfigurationIsVisible = 0;
			defaultConfigurationName = Release;
		};
		805168D62E1990CD0039C058 /* Build configuration list for PBXNativeTarget "GitHubUsersAppUITests" */ = {
			isa = XCConfigurationList;
			buildConfigurations = (
				805168D72E1990CD0039C058 /* Debug */,
				805168D82E1990CD0039C058 /* Release */,
			);
			defaultConfigurationIsVisible = 0;
			defaultConfigurationName = Release;
		};
/* End XCConfigurationList section */
	};
	rootObject = 805168A22E1990CA0039C058 /* Project object */;
}
